
Microsoft Visual Studio Solution File, Format Version 12.00
# Visual Studio Version 16
VisualStudioVersion = 16.0.29503.13
MinimumVisualStudioVersion = 10.0.40219.1
Project("{9A19103F-16F7-4668-BE54-9A1E7A4F7556}") = "WebStore", "WebStore\WebStore.csproj", "{75A200D2-4A0F-4944-A7F6-94E6D9028C78}"
EndProject
Project("{FAE04EC0-301F-11D3-BF4B-00C04F79EFBC}") = "WebStore.Domain", "WebStore.Domain\WebStore.Domain.csproj", "{76D53E91-76AC-4857-88A5-E6229BB0E725}"
EndProject
Global
	GlobalSection(SolutionConfigurationPlatforms) = preSolution
		Debug|Any CPU = Debug|Any CPU
		Release|Any CPU = Release|Any CPU
	EndGlobalSection
	GlobalSection(ProjectConfigurationPlatforms) = postSolution
		{75A200D2-4A0F-4944-A7F6-94E6D9028C78}.Debug|Any CPU.ActiveCfg = Debug|Any CPU
		{75A200D2-4A0F-4944-A7F6-94E6D9028C78}.Debug|Any CPU.Build.0 = Debug|Any CPU
		{75A200D2-4A0F-4944-A7F6-94E6D9028C78}.Release|Any CPU.ActiveCfg = Release|Any CPU
		{75A200D2-4A0F-4944-A7F6-94E6D9028C78}.Release|Any CPU.Build.0 = Release|Any CPU
		{76D53E91-76AC-4857-88A5-E6229BB0E725}.Debug|Any CPU.ActiveCfg = Debug|Any CPU
		{76D53E91-76AC-4857-88A5-E6229BB0E725}.Debug|Any CPU.Build.0 = Debug|Any CPU
		{76D53E91-76AC-4857-88A5-E6229BB0E725}.Release|Any CPU.ActiveCfg = Release|Any CPU
		{76D53E91-76AC-4857-88A5-E6229BB0E725}.Release|Any CPU.Build.0 = Release|Any CPU
	EndGlobalSection
	GlobalSection(SolutionProperties) = preSolution
		HideSolutionNode = FALSE
	EndGlobalSection
	GlobalSection(ExtensibilityGlobals) = postSolution
		SolutionGuid = {A581600D-6A83-4E59-98A7-778BE0E045C1}
	EndGlobalSection
EndGlobal
