
Microsoft Visual Studio Solution File, Format Version 12.00
# Visual Studio Version 16
VisualStudioVersion = 16.0.29503.13
MinimumVisualStudioVersion = 10.0.40219.1
Project("{2150E333-8FDC-42A3-9474-1A3956D46DE8}") = "UI", "UI", "{7D530EB8-767A-459C-9D22-0A8F920C2DAB}"
EndProject
Project("{2150E333-8FDC-42A3-9474-1A3956D46DE8}") = "Services", "Services", "{BC5378AB-660A-4A80-9798-8D5A0648CBC6}"
EndProject
Project("{2150E333-8FDC-42A3-9474-1A3956D46DE8}") = "Common", "Common", "{E2BF3E2C-015A-4FD0-8214-7B36E6135E89}"
EndProject
Project("{9A19103F-16F7-4668-BE54-9A1E7A4F7556}") = "WebStore", "UI\WebStore\WebStore.csproj", "{BBAAFF8A-E5B5-497D-ACA7-F6B6CDA85419}"
EndProject
Project("{9A19103F-16F7-4668-BE54-9A1E7A4F7556}") = "WebStore.DAL", "Services\WebStore.DAL\WebStore.DAL.csproj", "{572898E1-5544-4A7F-8226-165DD72A6B6F}"
EndProject
Project("{9A19103F-16F7-4668-BE54-9A1E7A4F7556}") = "WebStore.Domain", "Common\WebStore.Domain\WebStore.Domain.csproj", "{B248601C-9526-4127-9F29-7C5B7D3B09BC}"
EndProject
Project("{FAE04EC0-301F-11D3-BF4B-00C04F79EFBC}") = "WebStore.ServiceHosting", "Services\WebStore.ServiceHosting\WebStore.ServiceHosting.csproj", "{861355C2-4D1A-4287-B942-94ACACED0B92}"
EndProject
Global
	GlobalSection(SolutionConfigurationPlatforms) = preSolution
		Debug|Any CPU = Debug|Any CPU
		Release|Any CPU = Release|Any CPU
	EndGlobalSection
	GlobalSection(ProjectConfigurationPlatforms) = postSolution
		{BBAAFF8A-E5B5-497D-ACA7-F6B6CDA85419}.Debug|Any CPU.ActiveCfg = Debug|Any CPU
		{BBAAFF8A-E5B5-497D-ACA7-F6B6CDA85419}.Debug|Any CPU.Build.0 = Debug|Any CPU
		{BBAAFF8A-E5B5-497D-ACA7-F6B6CDA85419}.Release|Any CPU.ActiveCfg = Release|Any CPU
		{BBAAFF8A-E5B5-497D-ACA7-F6B6CDA85419}.Release|Any CPU.Build.0 = Release|Any CPU
		{572898E1-5544-4A7F-8226-165DD72A6B6F}.Debug|Any CPU.ActiveCfg = Debug|Any CPU
		{572898E1-5544-4A7F-8226-165DD72A6B6F}.Debug|Any CPU.Build.0 = Debug|Any CPU
		{572898E1-5544-4A7F-8226-165DD72A6B6F}.Release|Any CPU.ActiveCfg = Release|Any CPU
		{572898E1-5544-4A7F-8226-165DD72A6B6F}.Release|Any CPU.Build.0 = Release|Any CPU
		{B248601C-9526-4127-9F29-7C5B7D3B09BC}.Debug|Any CPU.ActiveCfg = Debug|Any CPU
		{B248601C-9526-4127-9F29-7C5B7D3B09BC}.Debug|Any CPU.Build.0 = Debug|Any CPU
		{B248601C-9526-4127-9F29-7C5B7D3B09BC}.Release|Any CPU.ActiveCfg = Release|Any CPU
		{B248601C-9526-4127-9F29-7C5B7D3B09BC}.Release|Any CPU.Build.0 = Release|Any CPU
		{861355C2-4D1A-4287-B942-94ACACED0B92}.Debug|Any CPU.ActiveCfg = Debug|Any CPU
		{861355C2-4D1A-4287-B942-94ACACED0B92}.Debug|Any CPU.Build.0 = Debug|Any CPU
		{861355C2-4D1A-4287-B942-94ACACED0B92}.Release|Any CPU.ActiveCfg = Release|Any CPU
		{861355C2-4D1A-4287-B942-94ACACED0B92}.Release|Any CPU.Build.0 = Release|Any CPU
	EndGlobalSection
	GlobalSection(SolutionProperties) = preSolution
		HideSolutionNode = FALSE
	EndGlobalSection
	GlobalSection(NestedProjects) = preSolution
		{BBAAFF8A-E5B5-497D-ACA7-F6B6CDA85419} = {7D530EB8-767A-459C-9D22-0A8F920C2DAB}
		{572898E1-5544-4A7F-8226-165DD72A6B6F} = {BC5378AB-660A-4A80-9798-8D5A0648CBC6}
		{B248601C-9526-4127-9F29-7C5B7D3B09BC} = {E2BF3E2C-015A-4FD0-8214-7B36E6135E89}
		{861355C2-4D1A-4287-B942-94ACACED0B92} = {BC5378AB-660A-4A80-9798-8D5A0648CBC6}
	EndGlobalSection
	GlobalSection(ExtensibilityGlobals) = postSolution
		SolutionGuid = {A581600D-6A83-4E59-98A7-778BE0E045C1}
	EndGlobalSection
EndGlobal
